
Microsoft Visual Studio Solution File, Format Version 12.00
# Visual Studio 15
VisualStudioVersion = 15.0.26124.0
MinimumVisualStudioVersion = 15.0.26124.0
Project("{FAE04EC0-301F-11D3-BF4B-00C04F79EFBC}") = "wyvern.api.hello", "wyvern.api.hello.csproj", "{21E937C6-CBB6-4CF1-8BF5-77F48BDB1AF9}"
EndProject
Project("{FAE04EC0-301F-11D3-BF4B-00C04F79EFBC}") = "wyvern.api", "..\src\wyvern.api\wyvern.api.csproj", "{FFE55117-062A-481B-8FF5-B8516F79A078}"
EndProject
Project("{FAE04EC0-301F-11D3-BF4B-00C04F79EFBC}") = "wyvern.entity", "..\src\wyvern.entity\wyvern.entity.csproj", "{02D4155A-15EF-4A7E-A64A-634B8D93D3B8}"
EndProject
Project("{FAE04EC0-301F-11D3-BF4B-00C04F79EFBC}") = "wyvern.utils", "..\src\wyvern.utils\wyvern.utils.csproj", "{86911684-F51A-4E3F-B89F-6D9BE08542EB}"
EndProject
Global
	GlobalSection(SolutionConfigurationPlatforms) = preSolution
		Debug|Any CPU = Debug|Any CPU
		Debug|x64 = Debug|x64
		Debug|x86 = Debug|x86
		Release|Any CPU = Release|Any CPU
		Release|x64 = Release|x64
		Release|x86 = Release|x86
	EndGlobalSection
	GlobalSection(SolutionProperties) = preSolution
		HideSolutionNode = FALSE
	EndGlobalSection
	GlobalSection(ProjectConfigurationPlatforms) = postSolution
		{21E937C6-CBB6-4CF1-8BF5-77F48BDB1AF9}.Debug|Any CPU.ActiveCfg = Debug|Any CPU
		{21E937C6-CBB6-4CF1-8BF5-77F48BDB1AF9}.Debug|Any CPU.Build.0 = Debug|Any CPU
		{21E937C6-CBB6-4CF1-8BF5-77F48BDB1AF9}.Debug|x64.ActiveCfg = Debug|Any CPU
		{21E937C6-CBB6-4CF1-8BF5-77F48BDB1AF9}.Debug|x64.Build.0 = Debug|Any CPU
		{21E937C6-CBB6-4CF1-8BF5-77F48BDB1AF9}.Debug|x86.ActiveCfg = Debug|Any CPU
		{21E937C6-CBB6-4CF1-8BF5-77F48BDB1AF9}.Debug|x86.Build.0 = Debug|Any CPU
		{21E937C6-CBB6-4CF1-8BF5-77F48BDB1AF9}.Release|Any CPU.ActiveCfg = Release|Any CPU
		{21E937C6-CBB6-4CF1-8BF5-77F48BDB1AF9}.Release|Any CPU.Build.0 = Release|Any CPU
		{21E937C6-CBB6-4CF1-8BF5-77F48BDB1AF9}.Release|x64.ActiveCfg = Release|Any CPU
		{21E937C6-CBB6-4CF1-8BF5-77F48BDB1AF9}.Release|x64.Build.0 = Release|Any CPU
		{21E937C6-CBB6-4CF1-8BF5-77F48BDB1AF9}.Release|x86.ActiveCfg = Release|Any CPU
		{21E937C6-CBB6-4CF1-8BF5-77F48BDB1AF9}.Release|x86.Build.0 = Release|Any CPU
		{FFE55117-062A-481B-8FF5-B8516F79A078}.Debug|Any CPU.ActiveCfg = Debug|Any CPU
		{FFE55117-062A-481B-8FF5-B8516F79A078}.Debug|Any CPU.Build.0 = Debug|Any CPU
		{FFE55117-062A-481B-8FF5-B8516F79A078}.Debug|x64.ActiveCfg = Debug|Any CPU
		{FFE55117-062A-481B-8FF5-B8516F79A078}.Debug|x64.Build.0 = Debug|Any CPU
		{FFE55117-062A-481B-8FF5-B8516F79A078}.Debug|x86.ActiveCfg = Debug|Any CPU
		{FFE55117-062A-481B-8FF5-B8516F79A078}.Debug|x86.Build.0 = Debug|Any CPU
		{FFE55117-062A-481B-8FF5-B8516F79A078}.Release|Any CPU.ActiveCfg = Release|Any CPU
		{FFE55117-062A-481B-8FF5-B8516F79A078}.Release|Any CPU.Build.0 = Release|Any CPU
		{FFE55117-062A-481B-8FF5-B8516F79A078}.Release|x64.ActiveCfg = Release|Any CPU
		{FFE55117-062A-481B-8FF5-B8516F79A078}.Release|x64.Build.0 = Release|Any CPU
		{FFE55117-062A-481B-8FF5-B8516F79A078}.Release|x86.ActiveCfg = Release|Any CPU
		{FFE55117-062A-481B-8FF5-B8516F79A078}.Release|x86.Build.0 = Release|Any CPU
		{02D4155A-15EF-4A7E-A64A-634B8D93D3B8}.Debug|Any CPU.ActiveCfg = Debug|Any CPU
		{02D4155A-15EF-4A7E-A64A-634B8D93D3B8}.Debug|Any CPU.Build.0 = Debug|Any CPU
		{02D4155A-15EF-4A7E-A64A-634B8D93D3B8}.Debug|x64.ActiveCfg = Debug|Any CPU
		{02D4155A-15EF-4A7E-A64A-634B8D93D3B8}.Debug|x64.Build.0 = Debug|Any CPU
		{02D4155A-15EF-4A7E-A64A-634B8D93D3B8}.Debug|x86.ActiveCfg = Debug|Any CPU
		{02D4155A-15EF-4A7E-A64A-634B8D93D3B8}.Debug|x86.Build.0 = Debug|Any CPU
		{02D4155A-15EF-4A7E-A64A-634B8D93D3B8}.Release|Any CPU.ActiveCfg = Release|Any CPU
		{02D4155A-15EF-4A7E-A64A-634B8D93D3B8}.Release|Any CPU.Build.0 = Release|Any CPU
		{02D4155A-15EF-4A7E-A64A-634B8D93D3B8}.Release|x64.ActiveCfg = Release|Any CPU
		{02D4155A-15EF-4A7E-A64A-634B8D93D3B8}.Release|x64.Build.0 = Release|Any CPU
		{02D4155A-15EF-4A7E-A64A-634B8D93D3B8}.Release|x86.ActiveCfg = Release|Any CPU
		{02D4155A-15EF-4A7E-A64A-634B8D93D3B8}.Release|x86.Build.0 = Release|Any CPU
		{86911684-F51A-4E3F-B89F-6D9BE08542EB}.Debug|Any CPU.ActiveCfg = Debug|Any CPU
		{86911684-F51A-4E3F-B89F-6D9BE08542EB}.Debug|Any CPU.Build.0 = Debug|Any CPU
		{86911684-F51A-4E3F-B89F-6D9BE08542EB}.Debug|x64.ActiveCfg = Debug|Any CPU
		{86911684-F51A-4E3F-B89F-6D9BE08542EB}.Debug|x64.Build.0 = Debug|Any CPU
		{86911684-F51A-4E3F-B89F-6D9BE08542EB}.Debug|x86.ActiveCfg = Debug|Any CPU
		{86911684-F51A-4E3F-B89F-6D9BE08542EB}.Debug|x86.Build.0 = Debug|Any CPU
		{86911684-F51A-4E3F-B89F-6D9BE08542EB}.Release|Any CPU.ActiveCfg = Release|Any CPU
		{86911684-F51A-4E3F-B89F-6D9BE08542EB}.Release|Any CPU.Build.0 = Release|Any CPU
		{86911684-F51A-4E3F-B89F-6D9BE08542EB}.Release|x64.ActiveCfg = Release|Any CPU
		{86911684-F51A-4E3F-B89F-6D9BE08542EB}.Release|x64.Build.0 = Release|Any CPU
		{86911684-F51A-4E3F-B89F-6D9BE08542EB}.Release|x86.ActiveCfg = Release|Any CPU
		{86911684-F51A-4E3F-B89F-6D9BE08542EB}.Release|x86.Build.0 = Release|Any CPU
	EndGlobalSection
EndGlobal
