
Microsoft Visual Studio Solution File, Format Version 12.00
# Visual Studio 15
VisualStudioVersion = 15.0.26124.0
MinimumVisualStudioVersion = 15.0.26124.0
Project("{2150E333-8FDC-42A3-9474-1A3956D46DE8}") = "src", "src", "{5660B2EB-58A5-42A2-89B0-2718F1F5D33F}"
EndProject
Project("{9A19103F-16F7-4668-BE54-9A1E7A4F7556}") = "wyvern.api", "src\wyvern.api\wyvern.api.csproj", "{A129B56F-5BC3-42C6-891D-BF28A0A2D0BE}"
EndProject
Project("{9A19103F-16F7-4668-BE54-9A1E7A4F7556}") = "wyvern.entity", "src\wyvern.entity\wyvern.entity.csproj", "{051FDFA9-94B9-4F83-A868-355881E943D0}"
EndProject
Project("{9A19103F-16F7-4668-BE54-9A1E7A4F7556}") = "wyvern.utils", "src\wyvern.utils\wyvern.utils.csproj", "{4C767A1C-5586-4B38-84E5-ABDEBD91FC7B}"
EndProject
Project("{9A19103F-16F7-4668-BE54-9A1E7A4F7556}") = "wyvern.visualize", "src\wyvern.visualize\wyvern.visualize.csproj", "{63778211-33D6-442E-AEB5-AC6BFC8FA508}"
EndProject
Global
	GlobalSection(SolutionConfigurationPlatforms) = preSolution
		Debug|Any CPU = Debug|Any CPU
		Debug|x64 = Debug|x64
		Debug|x86 = Debug|x86
		Release|Any CPU = Release|Any CPU
		Release|x64 = Release|x64
		Release|x86 = Release|x86
	EndGlobalSection
	GlobalSection(ProjectConfigurationPlatforms) = postSolution
		{A129B56F-5BC3-42C6-891D-BF28A0A2D0BE}.Debug|Any CPU.ActiveCfg = Debug|Any CPU
		{A129B56F-5BC3-42C6-891D-BF28A0A2D0BE}.Debug|Any CPU.Build.0 = Debug|Any CPU
		{A129B56F-5BC3-42C6-891D-BF28A0A2D0BE}.Debug|x64.ActiveCfg = Debug|Any CPU
		{A129B56F-5BC3-42C6-891D-BF28A0A2D0BE}.Debug|x64.Build.0 = Debug|Any CPU
		{A129B56F-5BC3-42C6-891D-BF28A0A2D0BE}.Debug|x86.ActiveCfg = Debug|Any CPU
		{A129B56F-5BC3-42C6-891D-BF28A0A2D0BE}.Debug|x86.Build.0 = Debug|Any CPU
		{A129B56F-5BC3-42C6-891D-BF28A0A2D0BE}.Release|Any CPU.ActiveCfg = Release|Any CPU
		{A129B56F-5BC3-42C6-891D-BF28A0A2D0BE}.Release|Any CPU.Build.0 = Release|Any CPU
		{A129B56F-5BC3-42C6-891D-BF28A0A2D0BE}.Release|x64.ActiveCfg = Release|Any CPU
		{A129B56F-5BC3-42C6-891D-BF28A0A2D0BE}.Release|x64.Build.0 = Release|Any CPU
		{A129B56F-5BC3-42C6-891D-BF28A0A2D0BE}.Release|x86.ActiveCfg = Release|Any CPU
		{A129B56F-5BC3-42C6-891D-BF28A0A2D0BE}.Release|x86.Build.0 = Release|Any CPU
		{051FDFA9-94B9-4F83-A868-355881E943D0}.Debug|Any CPU.ActiveCfg = Debug|Any CPU
		{051FDFA9-94B9-4F83-A868-355881E943D0}.Debug|Any CPU.Build.0 = Debug|Any CPU
		{051FDFA9-94B9-4F83-A868-355881E943D0}.Debug|x64.ActiveCfg = Debug|Any CPU
		{051FDFA9-94B9-4F83-A868-355881E943D0}.Debug|x64.Build.0 = Debug|Any CPU
		{051FDFA9-94B9-4F83-A868-355881E943D0}.Debug|x86.ActiveCfg = Debug|Any CPU
		{051FDFA9-94B9-4F83-A868-355881E943D0}.Debug|x86.Build.0 = Debug|Any CPU
		{051FDFA9-94B9-4F83-A868-355881E943D0}.Release|Any CPU.ActiveCfg = Release|Any CPU
		{051FDFA9-94B9-4F83-A868-355881E943D0}.Release|Any CPU.Build.0 = Release|Any CPU
		{051FDFA9-94B9-4F83-A868-355881E943D0}.Release|x64.ActiveCfg = Release|Any CPU
		{051FDFA9-94B9-4F83-A868-355881E943D0}.Release|x64.Build.0 = Release|Any CPU
		{051FDFA9-94B9-4F83-A868-355881E943D0}.Release|x86.ActiveCfg = Release|Any CPU
		{051FDFA9-94B9-4F83-A868-355881E943D0}.Release|x86.Build.0 = Release|Any CPU
		{4C767A1C-5586-4B38-84E5-ABDEBD91FC7B}.Debug|Any CPU.ActiveCfg = Debug|Any CPU
		{4C767A1C-5586-4B38-84E5-ABDEBD91FC7B}.Debug|Any CPU.Build.0 = Debug|Any CPU
		{4C767A1C-5586-4B38-84E5-ABDEBD91FC7B}.Debug|x64.ActiveCfg = Debug|Any CPU
		{4C767A1C-5586-4B38-84E5-ABDEBD91FC7B}.Debug|x64.Build.0 = Debug|Any CPU
		{4C767A1C-5586-4B38-84E5-ABDEBD91FC7B}.Debug|x86.ActiveCfg = Debug|Any CPU
		{4C767A1C-5586-4B38-84E5-ABDEBD91FC7B}.Debug|x86.Build.0 = Debug|Any CPU
		{4C767A1C-5586-4B38-84E5-ABDEBD91FC7B}.Release|Any CPU.ActiveCfg = Release|Any CPU
		{4C767A1C-5586-4B38-84E5-ABDEBD91FC7B}.Release|Any CPU.Build.0 = Release|Any CPU
		{4C767A1C-5586-4B38-84E5-ABDEBD91FC7B}.Release|x64.ActiveCfg = Release|Any CPU
		{4C767A1C-5586-4B38-84E5-ABDEBD91FC7B}.Release|x64.Build.0 = Release|Any CPU
		{4C767A1C-5586-4B38-84E5-ABDEBD91FC7B}.Release|x86.ActiveCfg = Release|Any CPU
		{4C767A1C-5586-4B38-84E5-ABDEBD91FC7B}.Release|x86.Build.0 = Release|Any CPU
		{63778211-33D6-442E-AEB5-AC6BFC8FA508}.Debug|Any CPU.ActiveCfg = Debug|Any CPU
		{63778211-33D6-442E-AEB5-AC6BFC8FA508}.Debug|Any CPU.Build.0 = Debug|Any CPU
		{63778211-33D6-442E-AEB5-AC6BFC8FA508}.Debug|x64.ActiveCfg = Debug|Any CPU
		{63778211-33D6-442E-AEB5-AC6BFC8FA508}.Debug|x64.Build.0 = Debug|Any CPU
		{63778211-33D6-442E-AEB5-AC6BFC8FA508}.Debug|x86.ActiveCfg = Debug|Any CPU
		{63778211-33D6-442E-AEB5-AC6BFC8FA508}.Debug|x86.Build.0 = Debug|Any CPU
		{63778211-33D6-442E-AEB5-AC6BFC8FA508}.Release|Any CPU.ActiveCfg = Release|Any CPU
		{63778211-33D6-442E-AEB5-AC6BFC8FA508}.Release|Any CPU.Build.0 = Release|Any CPU
		{63778211-33D6-442E-AEB5-AC6BFC8FA508}.Release|x64.ActiveCfg = Release|Any CPU
		{63778211-33D6-442E-AEB5-AC6BFC8FA508}.Release|x64.Build.0 = Release|Any CPU
		{63778211-33D6-442E-AEB5-AC6BFC8FA508}.Release|x86.ActiveCfg = Release|Any CPU
		{63778211-33D6-442E-AEB5-AC6BFC8FA508}.Release|x86.Build.0 = Release|Any CPU
	EndGlobalSection
	GlobalSection(SolutionProperties) = preSolution
		HideSolutionNode = FALSE
	EndGlobalSection
	GlobalSection(NestedProjects) = preSolution
		{A129B56F-5BC3-42C6-891D-BF28A0A2D0BE} = {5660B2EB-58A5-42A2-89B0-2718F1F5D33F}
		{051FDFA9-94B9-4F83-A868-355881E943D0} = {5660B2EB-58A5-42A2-89B0-2718F1F5D33F}
		{4C767A1C-5586-4B38-84E5-ABDEBD91FC7B} = {5660B2EB-58A5-42A2-89B0-2718F1F5D33F}
		{63778211-33D6-442E-AEB5-AC6BFC8FA508} = {5660B2EB-58A5-42A2-89B0-2718F1F5D33F}
	EndGlobalSection
	GlobalSection(ExtensibilityGlobals) = postSolution
		SolutionGuid = {8041C87B-0098-422C-827D-CDB531305BAE}
	EndGlobalSection
EndGlobal
